// !$*UTF8*$!
{
	archiveVersion = 1;
	classes = {
	};
	objectVersion = 56;
	objects = {

/* Begin PBXBuildFile section */
		7E225F3C291931DA00207BD9 /* JordanApp.swift in Sources */ = {isa = PBXBuildFile; fileRef = 7E225F3B291931DA00207BD9 /* JordanApp.swift */; };
		7E225F3E291931DA00207BD9 /* Persistence.swift in Sources */ = {isa = PBXBuildFile; fileRef = 7E225F3D291931DA00207BD9 /* Persistence.swift */; };
		7E225F41291931DA00207BD9 /* Jordan.xcdatamodeld in Sources */ = {isa = PBXBuildFile; fileRef = 7E225F3F291931DA00207BD9 /* Jordan.xcdatamodeld */; };
		7E225F43291931DA00207BD9 /* ContentView.swift in Sources */ = {isa = PBXBuildFile; fileRef = 7E225F42291931DA00207BD9 /* ContentView.swift */; };
		7E225F45291931DA00207BD9 /* Assets.xcassets in Resources */ = {isa = PBXBuildFile; fileRef = 7E225F44291931DA00207BD9 /* Assets.xcassets */; };
		7E225F49291931DB00207BD9 /* Preview Assets.xcassets in Resources */ = {isa = PBXBuildFile; fileRef = 7E225F48291931DB00207BD9 /* Preview Assets.xcassets */; };
		7E225F53291931DB00207BD9 /* JordanTests.swift in Sources */ = {isa = PBXBuildFile; fileRef = 7E225F52291931DB00207BD9 /* JordanTests.swift */; };
		7E225F5D291931DB00207BD9 /* JordanUITests.swift in Sources */ = {isa = PBXBuildFile; fileRef = 7E225F5C291931DB00207BD9 /* JordanUITests.swift */; };
		7E225F5F291931DB00207BD9 /* JordanUITestsLaunchTests.swift in Sources */ = {isa = PBXBuildFile; fileRef = 7E225F5E291931DB00207BD9 /* JordanUITestsLaunchTests.swift */; };
/* End PBXBuildFile section */

/* Begin PBXContainerItemProxy section */
		7E225F4F291931DB00207BD9 /* PBXContainerItemProxy */ = {
			isa = PBXContainerItemProxy;
			containerPortal = 7E225F30291931D900207BD9 /* Project object */;
			proxyType = 1;
			remoteGlobalIDString = 7E225F37291931D900207BD9;
			remoteInfo = Jordan;
		};
		7E225F59291931DB00207BD9 /* PBXContainerItemProxy */ = {
			isa = PBXContainerItemProxy;
			containerPortal = 7E225F30291931D900207BD9 /* Project object */;
			proxyType = 1;
			remoteGlobalIDString = 7E225F37291931D900207BD9;
			remoteInfo = Jordan;
		};
/* End PBXContainerItemProxy section */

/* Begin PBXFileReference section */
		7E225F38291931DA00207BD9 /* Jordan.app */ = {isa = PBXFileReference; explicitFileType = wrapper.application; includeInIndex = 0; path = Jordan.app; sourceTree = BUILT_PRODUCTS_DIR; };
		7E225F3B291931DA00207BD9 /* JordanApp.swift */ = {isa = PBXFileReference; lastKnownFileType = sourcecode.swift; path = JordanApp.swift; sourceTree = "<group>"; };
		7E225F3D291931DA00207BD9 /* Persistence.swift */ = {isa = PBXFileReference; lastKnownFileType = sourcecode.swift; path = Persistence.swift; sourceTree = "<group>"; };
		7E225F40291931DA00207BD9 /* Jordan.xcdatamodel */ = {isa = PBXFileReference; lastKnownFileType = wrapper.xcdatamodel; path = Jordan.xcdatamodel; sourceTree = "<group>"; };
		7E225F42291931DA00207BD9 /* ContentView.swift */ = {isa = PBXFileReference; lastKnownFileType = sourcecode.swift; path = ContentView.swift; sourceTree = "<group>"; };
		7E225F44291931DA00207BD9 /* Assets.xcassets */ = {isa = PBXFileReference; lastKnownFileType = folder.assetcatalog; path = Assets.xcassets; sourceTree = "<group>"; };
		7E225F46291931DB00207BD9 /* Jordan.entitlements */ = {isa = PBXFileReference; lastKnownFileType = text.plist.entitlements; path = Jordan.entitlements; sourceTree = "<group>"; };
		7E225F48291931DB00207BD9 /* Preview Assets.xcassets */ = {isa = PBXFileReference; lastKnownFileType = folder.assetcatalog; path = "Preview Assets.xcassets"; sourceTree = "<group>"; };
		7E225F4E291931DB00207BD9 /* JordanTests.xctest */ = {isa = PBXFileReference; explicitFileType = wrapper.cfbundle; includeInIndex = 0; path = JordanTests.xctest; sourceTree = BUILT_PRODUCTS_DIR; };
		7E225F52291931DB00207BD9 /* JordanTests.swift */ = {isa = PBXFileReference; lastKnownFileType = sourcecode.swift; path = JordanTests.swift; sourceTree = "<group>"; };
		7E225F58291931DB00207BD9 /* JordanUITests.xctest */ = {isa = PBXFileReference; explicitFileType = wrapper.cfbundle; includeInIndex = 0; path = JordanUITests.xctest; sourceTree = BUILT_PRODUCTS_DIR; };
		7E225F5C291931DB00207BD9 /* JordanUITests.swift */ = {isa = PBXFileReference; lastKnownFileType = sourcecode.swift; path = JordanUITests.swift; sourceTree = "<group>"; };
		7E225F5E291931DB00207BD9 /* JordanUITestsLaunchTests.swift */ = {isa = PBXFileReference; lastKnownFileType = sourcecode.swift; path = JordanUITestsLaunchTests.swift; sourceTree = "<group>"; };
/* End PBXFileReference section */

/* Begin PBXFrameworksBuildPhase section */
		7E225F35291931D900207BD9 /* Frameworks */ = {
			isa = PBXFrameworksBuildPhase;
			buildActionMask = 2147483647;
			files = (
			);
			runOnlyForDeploymentPostprocessing = 0;
		};
		7E225F4B291931DB00207BD9 /* Frameworks */ = {
			isa = PBXFrameworksBuildPhase;
			buildActionMask = 2147483647;
			files = (
			);
			runOnlyForDeploymentPostprocessing = 0;
		};
		7E225F55291931DB00207BD9 /* Frameworks */ = {
			isa = PBXFrameworksBuildPhase;
			buildActionMask = 2147483647;
			files = (
			);
			runOnlyForDeploymentPostprocessing = 0;
		};
/* End PBXFrameworksBuildPhase section */

/* Begin PBXGroup section */
		7E225F2F291931D900207BD9 = {
			isa = PBXGroup;
			children = (
				7E225F3A291931DA00207BD9 /* Jordan */,
				7E225F51291931DB00207BD9 /* JordanTests */,
				7E225F5B291931DB00207BD9 /* JordanUITests */,
				7E225F39291931DA00207BD9 /* Products */,
			);
			sourceTree = "<group>";
		};
		7E225F39291931DA00207BD9 /* Products */ = {
			isa = PBXGroup;
			children = (
				7E225F38291931DA00207BD9 /* Jordan.app */,
				7E225F4E291931DB00207BD9 /* JordanTests.xctest */,
				7E225F58291931DB00207BD9 /* JordanUITests.xctest */,
			);
			name = Products;
			sourceTree = "<group>";
		};
		7E225F3A291931DA00207BD9 /* Jordan */ = {
			isa = PBXGroup;
			children = (
				7E225F3B291931DA00207BD9 /* JordanApp.swift */,
				7E225F3D291931DA00207BD9 /* Persistence.swift */,
				7E225F42291931DA00207BD9 /* ContentView.swift */,
				7E225F44291931DA00207BD9 /* Assets.xcassets */,
				7E225F46291931DB00207BD9 /* Jordan.entitlements */,
				7E225F3F291931DA00207BD9 /* Jordan.xcdatamodeld */,
				7E225F47291931DB00207BD9 /* Preview Content */,
			);
			path = Jordan;
			sourceTree = "<group>";
		};
		7E225F47291931DB00207BD9 /* Preview Content */ = {
			isa = PBXGroup;
			children = (
				7E225F48291931DB00207BD9 /* Preview Assets.xcassets */,
			);
			path = "Preview Content";
			sourceTree = "<group>";
		};
		7E225F51291931DB00207BD9 /* JordanTests */ = {
			isa = PBXGroup;
			children = (
				7E225F52291931DB00207BD9 /* JordanTests.swift */,
			);
			path = JordanTests;
			sourceTree = "<group>";
		};
		7E225F5B291931DB00207BD9 /* JordanUITests */ = {
			isa = PBXGroup;
			children = (
				7E225F5C291931DB00207BD9 /* JordanUITests.swift */,
				7E225F5E291931DB00207BD9 /* JordanUITestsLaunchTests.swift */,
			);
			path = JordanUITests;
			sourceTree = "<group>";
		};
/* End PBXGroup section */

/* Begin PBXNativeTarget section */
		7E225F37291931D900207BD9 /* Jordan */ = {
			isa = PBXNativeTarget;
			buildConfigurationList = 7E225F62291931DB00207BD9 /* Build configuration list for PBXNativeTarget "Jordan" */;
			buildPhases = (
				7E225F34291931D900207BD9 /* Sources */,
				7E225F35291931D900207BD9 /* Frameworks */,
				7E225F36291931D900207BD9 /* Resources */,
			);
			buildRules = (
			);
			dependencies = (
			);
			name = Jordan;
			productName = Jordan;
			productReference = 7E225F38291931DA00207BD9 /* Jordan.app */;
			productType = "com.apple.product-type.application";
		};
		7E225F4D291931DB00207BD9 /* JordanTests */ = {
			isa = PBXNativeTarget;
			buildConfigurationList = 7E225F65291931DB00207BD9 /* Build configuration list for PBXNativeTarget "JordanTests" */;
			buildPhases = (
				7E225F4A291931DB00207BD9 /* Sources */,
				7E225F4B291931DB00207BD9 /* Frameworks */,
				7E225F4C291931DB00207BD9 /* Resources */,
			);
			buildRules = (
			);
			dependencies = (
				7E225F50291931DB00207BD9 /* PBXTargetDependency */,
			);
			name = JordanTests;
			productName = JordanTests;
			productReference = 7E225F4E291931DB00207BD9 /* JordanTests.xctest */;
			productType = "com.apple.product-type.bundle.unit-test";
		};
		7E225F57291931DB00207BD9 /* JordanUITests */ = {
			isa = PBXNativeTarget;
			buildConfigurationList = 7E225F68291931DB00207BD9 /* Build configuration list for PBXNativeTarget "JordanUITests" */;
			buildPhases = (
				7E225F54291931DB00207BD9 /* Sources */,
				7E225F55291931DB00207BD9 /* Frameworks */,
				7E225F56291931DB00207BD9 /* Resources */,
			);
			buildRules = (
			);
			dependencies = (
				7E225F5A291931DB00207BD9 /* PBXTargetDependency */,
			);
			name = JordanUITests;
			productName = JordanUITests;
			productReference = 7E225F58291931DB00207BD9 /* JordanUITests.xctest */;
			productType = "com.apple.product-type.bundle.ui-testing";
		};
/* End PBXNativeTarget section */

/* Begin PBXProject section */
		7E225F30291931D900207BD9 /* Project object */ = {
			isa = PBXProject;
			attributes = {
				BuildIndependentTargetsInParallel = 1;
				LastSwiftUpdateCheck = 1410;
				LastUpgradeCheck = 1410;
				TargetAttributes = {
					7E225F37291931D900207BD9 = {
						CreatedOnToolsVersion = 14.1;
					};
					7E225F4D291931DB00207BD9 = {
						CreatedOnToolsVersion = 14.1;
						TestTargetID = 7E225F37291931D900207BD9;
					};
					7E225F57291931DB00207BD9 = {
						CreatedOnToolsVersion = 14.1;
						TestTargetID = 7E225F37291931D900207BD9;
					};
				};
			};
			buildConfigurationList = 7E225F33291931D900207BD9 /* Build configuration list for PBXProject "Jordan" */;
			compatibilityVersion = "Xcode 14.0";
			developmentRegion = en;
			hasScannedForEncodings = 0;
			knownRegions = (
				en,
				Base,
			);
			mainGroup = 7E225F2F291931D900207BD9;
			productRefGroup = 7E225F39291931DA00207BD9 /* Products */;
			projectDirPath = "";
			projectRoot = "";
			targets = (
				7E225F37291931D900207BD9 /* Jordan */,
				7E225F4D291931DB00207BD9 /* JordanTests */,
				7E225F57291931DB00207BD9 /* JordanUITests */,
			);
		};
/* End PBXProject section */

/* Begin PBXResourcesBuildPhase section */
		7E225F36291931D900207BD9 /* Resources */ = {
			isa = PBXResourcesBuildPhase;
			buildActionMask = 2147483647;
			files = (
				7E225F49291931DB00207BD9 /* Preview Assets.xcassets in Resources */,
				7E225F45291931DA00207BD9 /* Assets.xcassets in Resources */,
			);
			runOnlyForDeploymentPostprocessing = 0;
		};
		7E225F4C291931DB00207BD9 /* Resources */ = {
			isa = PBXResourcesBuildPhase;
			buildActionMask = 2147483647;
			files = (
			);
			runOnlyForDeploymentPostprocessing = 0;
		};
		7E225F56291931DB00207BD9 /* Resources */ = {
			isa = PBXResourcesBuildPhase;
			buildActionMask = 2147483647;
			files = (
			);
			runOnlyForDeploymentPostprocessing = 0;
		};
/* End PBXResourcesBuildPhase section */

/* Begin PBXSourcesBuildPhase section */
		7E225F34291931D900207BD9 /* Sources */ = {
			isa = PBXSourcesBuildPhase;
			buildActionMask = 2147483647;
			files = (
				7E225F3C291931DA00207BD9 /* JordanApp.swift in Sources */,
				7E225F3E291931DA00207BD9 /* Persistence.swift in Sources */,
				7E225F43291931DA00207BD9 /* ContentView.swift in Sources */,
				7E225F41291931DA00207BD9 /* Jordan.xcdatamodeld in Sources */,
			);
			runOnlyForDeploymentPostprocessing = 0;
		};
		7E225F4A291931DB00207BD9 /* Sources */ = {
			isa = PBXSourcesBuildPhase;
			buildActionMask = 2147483647;
			files = (
				7E225F53291931DB00207BD9 /* JordanTests.swift in Sources */,
			);
			runOnlyForDeploymentPostprocessing = 0;
		};
		7E225F54291931DB00207BD9 /* Sources */ = {
			isa = PBXSourcesBuildPhase;
			buildActionMask = 2147483647;
			files = (
				7E225F5F291931DB00207BD9 /* JordanUITestsLaunchTests.swift in Sources */,
				7E225F5D291931DB00207BD9 /* JordanUITests.swift in Sources */,
			);
			runOnlyForDeploymentPostprocessing = 0;
		};
/* End PBXSourcesBuildPhase section */

/* Begin PBXTargetDependency section */
		7E225F50291931DB00207BD9 /* PBXTargetDependency */ = {
			isa = PBXTargetDependency;
			target = 7E225F37291931D900207BD9 /* Jordan */;
			targetProxy = 7E225F4F291931DB00207BD9 /* PBXContainerItemProxy */;
		};
		7E225F5A291931DB00207BD9 /* PBXTargetDependency */ = {
			isa = PBXTargetDependency;
			target = 7E225F37291931D900207BD9 /* Jordan */;
			targetProxy = 7E225F59291931DB00207BD9 /* PBXContainerItemProxy */;
		};
/* End PBXTargetDependency section */

/* Begin XCBuildConfiguration section */
		7E225F60291931DB00207BD9 /* Debug */ = {
			isa = XCBuildConfiguration;
			buildSettings = {
				ALWAYS_SEARCH_USER_PATHS = NO;
				CLANG_ANALYZER_NONNULL = YES;
				CLANG_ANALYZER_NUMBER_OBJECT_CONVERSION = YES_AGGRESSIVE;
				CLANG_CXX_LANGUAGE_STANDARD = "gnu++20";
				CLANG_ENABLE_MODULES = YES;
				CLANG_ENABLE_OBJC_ARC = YES;
				CLANG_ENABLE_OBJC_WEAK = YES;
				CLANG_WARN_BLOCK_CAPTURE_AUTORELEASING = YES;
				CLANG_WARN_BOOL_CONVERSION = YES;
				CLANG_WARN_COMMA = YES;
				CLANG_WARN_CONSTANT_CONVERSION = YES;
				CLANG_WARN_DEPRECATED_OBJC_IMPLEMENTATIONS = YES;
				CLANG_WARN_DIRECT_OBJC_ISA_USAGE = YES_ERROR;
				CLANG_WARN_DOCUMENTATION_COMMENTS = YES;
				CLANG_WARN_EMPTY_BODY = YES;
				CLANG_WARN_ENUM_CONVERSION = YES;
				CLANG_WARN_INFINITE_RECURSION = YES;
				CLANG_WARN_INT_CONVERSION = YES;
				CLANG_WARN_NON_LITERAL_NULL_CONVERSION = YES;
				CLANG_WARN_OBJC_IMPLICIT_RETAIN_SELF = YES;
				CLANG_WARN_OBJC_LITERAL_CONVERSION = YES;
				CLANG_WARN_OBJC_ROOT_CLASS = YES_ERROR;
				CLANG_WARN_QUOTED_INCLUDE_IN_FRAMEWORK_HEADER = YES;
				CLANG_WARN_RANGE_LOOP_ANALYSIS = YES;
				CLANG_WARN_STRICT_PROTOTYPES = YES;
				CLANG_WARN_SUSPICIOUS_MOVE = YES;
				CLANG_WARN_UNGUARDED_AVAILABILITY = YES_AGGRESSIVE;
				CLANG_WARN_UNREACHABLE_CODE = YES;
				CLANG_WARN__DUPLICATE_METHOD_MATCH = YES;
				COPY_PHASE_STRIP = NO;
				DEBUG_INFORMATION_FORMAT = dwarf;
				ENABLE_STRICT_OBJC_MSGSEND = YES;
				ENABLE_TESTABILITY = YES;
				GCC_C_LANGUAGE_STANDARD = gnu11;
				GCC_DYNAMIC_NO_PIC = NO;
				GCC_NO_COMMON_BLOCKS = YES;
				GCC_OPTIMIZATION_LEVEL = 0;
				GCC_PREPROCESSOR_DEFINITIONS = (
					"DEBUG=1",
					"$(inherited)",
				);
				GCC_WARN_64_TO_32_BIT_CONVERSION = YES;
				GCC_WARN_ABOUT_RETURN_TYPE = YES_ERROR;
				GCC_WARN_UNDECLARED_SELECTOR = YES;
				GCC_WARN_UNINITIALIZED_AUTOS = YES_AGGRESSIVE;
				GCC_WARN_UNUSED_FUNCTION = YES;
				GCC_WARN_UNUSED_VARIABLE = YES;
				MTL_ENABLE_DEBUG_INFO = INCLUDE_SOURCE;
				MTL_FAST_MATH = YES;
				ONLY_ACTIVE_ARCH = YES;
				SWIFT_ACTIVE_COMPILATION_CONDITIONS = DEBUG;
				SWIFT_OPTIMIZATION_LEVEL = "-Onone";
			};
			name = Debug;
		};
		7E225F61291931DB00207BD9 /* Release */ = {
			isa = XCBuildConfiguration;
			buildSettings = {
				ALWAYS_SEARCH_USER_PATHS = NO;
				CLANG_ANALYZER_NONNULL = YES;
				CLANG_ANALYZER_NUMBER_OBJECT_CONVERSION = YES_AGGRESSIVE;
				CLANG_CXX_LANGUAGE_STANDARD = "gnu++20";
				CLANG_ENABLE_MODULES = YES;
				CLANG_ENABLE_OBJC_ARC = YES;
				CLANG_ENABLE_OBJC_WEAK = YES;
				CLANG_WARN_BLOCK_CAPTURE_AUTORELEASING = YES;
				CLANG_WARN_BOOL_CONVERSION = YES;
				CLANG_WARN_COMMA = YES;
				CLANG_WARN_CONSTANT_CONVERSION = YES;
				CLANG_WARN_DEPRECATED_OBJC_IMPLEMENTATIONS = YES;
				CLANG_WARN_DIRECT_OBJC_ISA_USAGE = YES_ERROR;
				CLANG_WARN_DOCUMENTATION_COMMENTS = YES;
				CLANG_WARN_EMPTY_BODY = YES;
				CLANG_WARN_ENUM_CONVERSION = YES;
				CLANG_WARN_INFINITE_RECURSION = YES;
				CLANG_WARN_INT_CONVERSION = YES;
				CLANG_WARN_NON_LITERAL_NULL_CONVERSION = YES;
				CLANG_WARN_OBJC_IMPLICIT_RETAIN_SELF = YES;
				CLANG_WARN_OBJC_LITERAL_CONVERSION = YES;
				CLANG_WARN_OBJC_ROOT_CLASS = YES_ERROR;
				CLANG_WARN_QUOTED_INCLUDE_IN_FRAMEWORK_HEADER = YES;
				CLANG_WARN_RANGE_LOOP_ANALYSIS = YES;
				CLANG_WARN_STRICT_PROTOTYPES = YES;
				CLANG_WARN_SUSPICIOUS_MOVE = YES;
				CLANG_WARN_UNGUARDED_AVAILABILITY = YES_AGGRESSIVE;
				CLANG_WARN_UNREACHABLE_CODE = YES;
				CLANG_WARN__DUPLICATE_METHOD_MATCH = YES;
				COPY_PHASE_STRIP = NO;
				DEBUG_INFORMATION_FORMAT = "dwarf-with-dsym";
				ENABLE_NS_ASSERTIONS = NO;
				ENABLE_STRICT_OBJC_MSGSEND = YES;
				GCC_C_LANGUAGE_STANDARD = gnu11;
				GCC_NO_COMMON_BLOCKS = YES;
				GCC_WARN_64_TO_32_BIT_CONVERSION = YES;
				GCC_WARN_ABOUT_RETURN_TYPE = YES_ERROR;
				GCC_WARN_UNDECLARED_SELECTOR = YES;
				GCC_WARN_UNINITIALIZED_AUTOS = YES_AGGRESSIVE;
				GCC_WARN_UNUSED_FUNCTION = YES;
				GCC_WARN_UNUSED_VARIABLE = YES;
				MTL_ENABLE_DEBUG_INFO = NO;
				MTL_FAST_MATH = YES;
				SWIFT_COMPILATION_MODE = wholemodule;
				SWIFT_OPTIMIZATION_LEVEL = "-O";
			};
			name = Release;
		};
		7E225F63291931DB00207BD9 /* Debug */ = {
			isa = XCBuildConfiguration;
			buildSettings = {
				ASSETCATALOG_COMPILER_APPICON_NAME = AppIcon;
				ASSETCATALOG_COMPILER_GLOBAL_ACCENT_COLOR_NAME = AccentColor;
				CODE_SIGN_ENTITLEMENTS = Jordan/Jordan.entitlements;
				CODE_SIGN_STYLE = Automatic;
				CURRENT_PROJECT_VERSION = 1;
				DEVELOPMENT_ASSET_PATHS = "\"Jordan/Preview Content\"";
				DEVELOPMENT_TEAM = 4RU7C2285D;
				ENABLE_HARDENED_RUNTIME = YES;
				ENABLE_PREVIEWS = YES;
				GENERATE_INFOPLIST_FILE = YES;
				"INFOPLIST_KEY_UIApplicationSceneManifest_Generation[sdk=iphoneos*]" = YES;
				"INFOPLIST_KEY_UIApplicationSceneManifest_Generation[sdk=iphonesimulator*]" = YES;
				"INFOPLIST_KEY_UIApplicationSupportsIndirectInputEvents[sdk=iphoneos*]" = YES;
				"INFOPLIST_KEY_UIApplicationSupportsIndirectInputEvents[sdk=iphonesimulator*]" = YES;
				"INFOPLIST_KEY_UILaunchScreen_Generation[sdk=iphoneos*]" = YES;
				"INFOPLIST_KEY_UILaunchScreen_Generation[sdk=iphonesimulator*]" = YES;
				"INFOPLIST_KEY_UIStatusBarStyle[sdk=iphoneos*]" = UIStatusBarStyleDefault;
				"INFOPLIST_KEY_UIStatusBarStyle[sdk=iphonesimulator*]" = UIStatusBarStyleDefault;
				INFOPLIST_KEY_UISupportedInterfaceOrientations_iPad = "UIInterfaceOrientationPortrait UIInterfaceOrientationPortraitUpsideDown UIInterfaceOrientationLandscapeLeft UIInterfaceOrientationLandscapeRight";
				INFOPLIST_KEY_UISupportedInterfaceOrientations_iPhone = "UIInterfaceOrientationPortrait UIInterfaceOrientationLandscapeLeft UIInterfaceOrientationLandscapeRight";
				IPHONEOS_DEPLOYMENT_TARGET = 16.1;
				LD_RUNPATH_SEARCH_PATHS = "@executable_path/Frameworks";
				"LD_RUNPATH_SEARCH_PATHS[sdk=macosx*]" = "@executable_path/../Frameworks";
				MACOSX_DEPLOYMENT_TARGET = 13.0;
				MARKETING_VERSION = 1.0;
				PRODUCT_BUNDLE_IDENTIFIER = com.KevinLima.Jordan;
				PRODUCT_NAME = "$(TARGET_NAME)";
				SDKROOT = auto;
				SUPPORTED_PLATFORMS = "iphoneos iphonesimulator macosx";
				SWIFT_EMIT_LOC_STRINGS = YES;
				SWIFT_VERSION = 5.0;
				TARGETED_DEVICE_FAMILY = "1,2";
			};
			name = Debug;
		};
		7E225F64291931DB00207BD9 /* Release */ = {
			isa = XCBuildConfiguration;
			buildSettings = {
				ASSETCATALOG_COMPILER_APPICON_NAME = AppIcon;
				ASSETCATALOG_COMPILER_GLOBAL_ACCENT_COLOR_NAME = AccentColor;
				CODE_SIGN_ENTITLEMENTS = Jordan/Jordan.entitlements;
				CODE_SIGN_STYLE = Automatic;
				CURRENT_PROJECT_VERSION = 1;
				DEVELOPMENT_ASSET_PATHS = "\"Jordan/Preview Content\"";
				DEVELOPMENT_TEAM = 4RU7C2285D;
				ENABLE_HARDENED_RUNTIME = YES;
				ENABLE_PREVIEWS = YES;
				GENERATE_INFOPLIST_FILE = YES;
				"INFOPLIST_KEY_UIApplicationSceneManifest_Generation[sdk=iphoneos*]" = YES;
				"INFOPLIST_KEY_UIApplicationSceneManifest_Generation[sdk=iphonesimulator*]" = YES;
				"INFOPLIST_KEY_UIApplicationSupportsIndirectInputEvents[sdk=iphoneos*]" = YES;
				"INFOPLIST_KEY_UIApplicationSupportsIndirectInputEvents[sdk=iphonesimulator*]" = YES;
				"INFOPLIST_KEY_UILaunchScreen_Generation[sdk=iphoneos*]" = YES;
				"INFOPLIST_KEY_UILaunchScreen_Generation[sdk=iphonesimulator*]" = YES;
				"INFOPLIST_KEY_UIStatusBarStyle[sdk=iphoneos*]" = UIStatusBarStyleDefault;
				"INFOPLIST_KEY_UIStatusBarStyle[sdk=iphonesimulator*]" = UIStatusBarStyleDefault;
				INFOPLIST_KEY_UISupportedInterfaceOrientations_iPad = "UIInterfaceOrientationPortrait UIInterfaceOrientationPortraitUpsideDown UIInterfaceOrientationLandscapeLeft UIInterfaceOrientationLandscapeRight";
				INFOPLIST_KEY_UISupportedInterfaceOrientations_iPhone = "UIInterfaceOrientationPortrait UIInterfaceOrientationLandscapeLeft UIInterfaceOrientationLandscapeRight";
				IPHONEOS_DEPLOYMENT_TARGET = 16.1;
				LD_RUNPATH_SEARCH_PATHS = "@executable_path/Frameworks";
				"LD_RUNPATH_SEARCH_PATHS[sdk=macosx*]" = "@executable_path/../Frameworks";
				MACOSX_DEPLOYMENT_TARGET = 13.0;
				MARKETING_VERSION = 1.0;
				PRODUCT_BUNDLE_IDENTIFIER = com.KevinLima.Jordan;
				PRODUCT_NAME = "$(TARGET_NAME)";
				SDKROOT = auto;
				SUPPORTED_PLATFORMS = "iphoneos iphonesimulator macosx";
				SWIFT_EMIT_LOC_STRINGS = YES;
				SWIFT_VERSION = 5.0;
				TARGETED_DEVICE_FAMILY = "1,2";
			};
			name = Release;
		};
		7E225F66291931DB00207BD9 /* Debug */ = {
			isa = XCBuildConfiguration;
			buildSettings = {
				ALWAYS_EMBED_SWIFT_STANDARD_LIBRARIES = YES;
				BUNDLE_LOADER = "$(TEST_HOST)";
				CODE_SIGN_STYLE = Automatic;
				CURRENT_PROJECT_VERSION = 1;
				DEVELOPMENT_TEAM = 4RU7C2285D;
				GENERATE_INFOPLIST_FILE = YES;
				IPHONEOS_DEPLOYMENT_TARGET = 16.1;
				MACOSX_DEPLOYMENT_TARGET = 13.0;
				MARKETING_VERSION = 1.0;
				PRODUCT_BUNDLE_IDENTIFIER = com.KevinLima.JordanTests;
				PRODUCT_NAME = "$(TARGET_NAME)";
				SDKROOT = auto;
				SUPPORTED_PLATFORMS = "iphoneos iphonesimulator macosx";
				SWIFT_EMIT_LOC_STRINGS = NO;
				SWIFT_VERSION = 5.0;
				TARGETED_DEVICE_FAMILY = "1,2";
				TEST_HOST = "$(BUILT_PRODUCTS_DIR)/Jordan.app/$(BUNDLE_EXECUTABLE_FOLDER_PATH)/Jordan";
			};
			name = Debug;
		};
		7E225F67291931DB00207BD9 /* Release */ = {
			isa = XCBuildConfiguration;
			buildSettings = {
				ALWAYS_EMBED_SWIFT_STANDARD_LIBRARIES = YES;
				BUNDLE_LOADER = "$(TEST_HOST)";
				CODE_SIGN_STYLE = Automatic;
				CURRENT_PROJECT_VERSION = 1;
				DEVELOPMENT_TEAM = 4RU7C2285D;
				GENERATE_INFOPLIST_FILE = YES;
				IPHONEOS_DEPLOYMENT_TARGET = 16.1;
				MACOSX_DEPLOYMENT_TARGET = 13.0;
				MARKETING_VERSION = 1.0;
				PRODUCT_BUNDLE_IDENTIFIER = com.KevinLima.JordanTests;
				PRODUCT_NAME = "$(TARGET_NAME)";
				SDKROOT = auto;
				SUPPORTED_PLATFORMS = "iphoneos iphonesimulator macosx";
				SWIFT_EMIT_LOC_STRINGS = NO;
				SWIFT_VERSION = 5.0;
				TARGETED_DEVICE_FAMILY = "1,2";
				TEST_HOST = "$(BUILT_PRODUCTS_DIR)/Jordan.app/$(BUNDLE_EXECUTABLE_FOLDER_PATH)/Jordan";
			};
			name = Release;
		};
		7E225F69291931DB00207BD9 /* Debug */ = {
			isa = XCBuildConfiguration;
			buildSettings = {
				ALWAYS_EMBED_SWIFT_STANDARD_LIBRARIES = YES;
				CODE_SIGN_STYLE = Automatic;
				CURRENT_PROJECT_VERSION = 1;
				DEVELOPMENT_TEAM = 4RU7C2285D;
				GENERATE_INFOPLIST_FILE = YES;
				IPHONEOS_DEPLOYMENT_TARGET = 16.1;
				MACOSX_DEPLOYMENT_TARGET = 13.0;
				MARKETING_VERSION = 1.0;
				PRODUCT_BUNDLE_IDENTIFIER = com.KevinLima.JordanUITests;
				PRODUCT_NAME = "$(TARGET_NAME)";
				SDKROOT = auto;
				SUPPORTED_PLATFORMS = "iphoneos iphonesimulator macosx";
				SWIFT_EMIT_LOC_STRINGS = NO;
				SWIFT_VERSION = 5.0;
				TARGETED_DEVICE_FAMILY = "1,2";
				TEST_TARGET_NAME = Jordan;
			};
			name = Debug;
		};
		7E225F6A291931DB00207BD9 /* Release */ = {
			isa = XCBuildConfiguration;
			buildSettings = {
				ALWAYS_EMBED_SWIFT_STANDARD_LIBRARIES = YES;
				CODE_SIGN_STYLE = Automatic;
				CURRENT_PROJECT_VERSION = 1;
				DEVELOPMENT_TEAM = 4RU7C2285D;
				GENERATE_INFOPLIST_FILE = YES;
				IPHONEOS_DEPLOYMENT_TARGET = 16.1;
				MACOSX_DEPLOYMENT_TARGET = 13.0;
				MARKETING_VERSION = 1.0;
				PRODUCT_BUNDLE_IDENTIFIER = com.KevinLima.JordanUITests;
				PRODUCT_NAME = "$(TARGET_NAME)";
				SDKROOT = auto;
				SUPPORTED_PLATFORMS = "iphoneos iphonesimulator macosx";
				SWIFT_EMIT_LOC_STRINGS = NO;
				SWIFT_VERSION = 5.0;
				TARGETED_DEVICE_FAMILY = "1,2";
				TEST_TARGET_NAME = Jordan;
			};
			name = Release;
		};
/* End XCBuildConfiguration section */

/* Begin XCConfigurationList section */
		7E225F33291931D900207BD9 /* Build configuration list for PBXProject "Jordan" */ = {
			isa = XCConfigurationList;
			buildConfigurations = (
				7E225F60291931DB00207BD9 /* Debug */,
				7E225F61291931DB00207BD9 /* Release */,
			);
			defaultConfigurationIsVisible = 0;
			defaultConfigurationName = Release;
		};
		7E225F62291931DB00207BD9 /* Build configuration list for PBXNativeTarget "Jordan" */ = {
			isa = XCConfigurationList;
			buildConfigurations = (
				7E225F63291931DB00207BD9 /* Debug */,
				7E225F64291931DB00207BD9 /* Release */,
			);
			defaultConfigurationIsVisible = 0;
			defaultConfigurationName = Release;
		};
		7E225F65291931DB00207BD9 /* Build configuration list for PBXNativeTarget "JordanTests" */ = {
			isa = XCConfigurationList;
			buildConfigurations = (
				7E225F66291931DB00207BD9 /* Debug */,
				7E225F67291931DB00207BD9 /* Release */,
			);
			defaultConfigurationIsVisible = 0;
			defaultConfigurationName = Release;
		};
		7E225F68291931DB00207BD9 /* Build configuration list for PBXNativeTarget "JordanUITests" */ = {
			isa = XCConfigurationList;
			buildConfigurations = (
				7E225F69291931DB00207BD9 /* Debug */,
				7E225F6A291931DB00207BD9 /* Release */,
			);
			defaultConfigurationIsVisible = 0;
			defaultConfigurationName = Release;
		};
/* End XCConfigurationList section */

/* Begin XCVersionGroup section */
		7E225F3F291931DA00207BD9 /* Jordan.xcdatamodeld */ = {
			isa = XCVersionGroup;
			children = (
				7E225F40291931DA00207BD9 /* Jordan.xcdatamodel */,
			);
			currentVersion = 7E225F40291931DA00207BD9 /* Jordan.xcdatamodel */;
			path = Jordan.xcdatamodeld;
			sourceTree = "<group>";
			versionGroupType = wrapper.xcdatamodel;
		};
/* End XCVersionGroup section */
	};
	rootObject = 7E225F30291931D900207BD9 /* Project object */;
}
